// !$*UTF8*$!
{
	archiveVersion = 1;
	classes = {
	};
	objectVersion = 50;
	objects = {

/* Begin PBXBuildFile section */
		C9AD42EF263F99F200F74CB8 /* AppDelegate.swift in Sources */ = {isa = PBXBuildFile; fileRef = C9AD42EE263F99F200F74CB8 /* AppDelegate.swift */; };
		C9AD42F1263F99F200F74CB8 /* SceneDelegate.swift in Sources */ = {isa = PBXBuildFile; fileRef = C9AD42F0263F99F200F74CB8 /* SceneDelegate.swift */; };
		C9AD42F3263F99F200F74CB8 /* ViewController.swift in Sources */ = {isa = PBXBuildFile; fileRef = C9AD42F2263F99F200F74CB8 /* ViewController.swift */; };
		C9AD42F6263F99F200F74CB8 /* Main.storyboard in Resources */ = {isa = PBXBuildFile; fileRef = C9AD42F4263F99F200F74CB8 /* Main.storyboard */; };
		C9AD42F8263F99F600F74CB8 /* Assets.xcassets in Resources */ = {isa = PBXBuildFile; fileRef = C9AD42F7263F99F600F74CB8 /* Assets.xcassets */; };
		C9AD42FB263F99F600F74CB8 /* LaunchScreen.storyboard in Resources */ = {isa = PBXBuildFile; fileRef = C9AD42F9263F99F600F74CB8 /* LaunchScreen.storyboard */; };
		C9AD4306263F99F600F74CB8 /* DevProfileTests.swift in Sources */ = {isa = PBXBuildFile; fileRef = C9AD4305263F99F600F74CB8 /* DevProfileTests.swift */; };
		C9AD4311263F99F600F74CB8 /* DevProfileUITests.swift in Sources */ = {isa = PBXBuildFile; fileRef = C9AD4310263F99F600F74CB8 /* DevProfileUITests.swift */; };
/* End PBXBuildFile section */

/* Begin PBXContainerItemProxy section */
		C9AD4302263F99F600F74CB8 /* PBXContainerItemProxy */ = {
			isa = PBXContainerItemProxy;
			containerPortal = C9AD42E3263F99F200F74CB8 /* Project object */;
			proxyType = 1;
			remoteGlobalIDString = C9AD42EA263F99F200F74CB8;
			remoteInfo = DevProfile;
		};
		C9AD430D263F99F600F74CB8 /* PBXContainerItemProxy */ = {
			isa = PBXContainerItemProxy;
			containerPortal = C9AD42E3263F99F200F74CB8 /* Project object */;
			proxyType = 1;
			remoteGlobalIDString = C9AD42EA263F99F200F74CB8;
			remoteInfo = DevProfile;
		};
/* End PBXContainerItemProxy section */

/* Begin PBXFileReference section */
		C9AD42EB263F99F200F74CB8 /* DevProfile.app */ = {isa = PBXFileReference; explicitFileType = wrapper.application; includeInIndex = 0; path = DevProfile.app; sourceTree = BUILT_PRODUCTS_DIR; };
		C9AD42EE263F99F200F74CB8 /* AppDelegate.swift */ = {isa = PBXFileReference; lastKnownFileType = sourcecode.swift; path = AppDelegate.swift; sourceTree = "<group>"; };
		C9AD42F0263F99F200F74CB8 /* SceneDelegate.swift */ = {isa = PBXFileReference; lastKnownFileType = sourcecode.swift; path = SceneDelegate.swift; sourceTree = "<group>"; };
		C9AD42F2263F99F200F74CB8 /* ViewController.swift */ = {isa = PBXFileReference; lastKnownFileType = sourcecode.swift; path = ViewController.swift; sourceTree = "<group>"; };
		C9AD42F5263F99F200F74CB8 /* Base */ = {isa = PBXFileReference; lastKnownFileType = file.storyboard; name = Base; path = Base.lproj/Main.storyboard; sourceTree = "<group>"; };
		C9AD42F7263F99F600F74CB8 /* Assets.xcassets */ = {isa = PBXFileReference; lastKnownFileType = folder.assetcatalog; path = Assets.xcassets; sourceTree = "<group>"; };
		C9AD42FA263F99F600F74CB8 /* Base */ = {isa = PBXFileReference; lastKnownFileType = file.storyboard; name = Base; path = Base.lproj/LaunchScreen.storyboard; sourceTree = "<group>"; };
		C9AD42FC263F99F600F74CB8 /* Info.plist */ = {isa = PBXFileReference; lastKnownFileType = text.plist.xml; path = Info.plist; sourceTree = "<group>"; };
		C9AD4301263F99F600F74CB8 /* DevProfileTests.xctest */ = {isa = PBXFileReference; explicitFileType = wrapper.cfbundle; includeInIndex = 0; path = DevProfileTests.xctest; sourceTree = BUILT_PRODUCTS_DIR; };
		C9AD4305263F99F600F74CB8 /* DevProfileTests.swift */ = {isa = PBXFileReference; lastKnownFileType = sourcecode.swift; path = DevProfileTests.swift; sourceTree = "<group>"; };
		C9AD4307263F99F600F74CB8 /* Info.plist */ = {isa = PBXFileReference; lastKnownFileType = text.plist.xml; path = Info.plist; sourceTree = "<group>"; };
		C9AD430C263F99F600F74CB8 /* DevProfileUITests.xctest */ = {isa = PBXFileReference; explicitFileType = wrapper.cfbundle; includeInIndex = 0; path = DevProfileUITests.xctest; sourceTree = BUILT_PRODUCTS_DIR; };
		C9AD4310263F99F600F74CB8 /* DevProfileUITests.swift */ = {isa = PBXFileReference; lastKnownFileType = sourcecode.swift; path = DevProfileUITests.swift; sourceTree = "<group>"; };
		C9AD4312263F99F600F74CB8 /* Info.plist */ = {isa = PBXFileReference; lastKnownFileType = text.plist.xml; path = Info.plist; sourceTree = "<group>"; };
/* End PBXFileReference section */

/* Begin PBXFrameworksBuildPhase section */
		C9AD42E8263F99F200F74CB8 /* Frameworks */ = {
			isa = PBXFrameworksBuildPhase;
			buildActionMask = 2147483647;
			files = (
			);
			runOnlyForDeploymentPostprocessing = 0;
		};
		C9AD42FE263F99F600F74CB8 /* Frameworks */ = {
			isa = PBXFrameworksBuildPhase;
			buildActionMask = 2147483647;
			files = (
			);
			runOnlyForDeploymentPostprocessing = 0;
		};
		C9AD4309263F99F600F74CB8 /* Frameworks */ = {
			isa = PBXFrameworksBuildPhase;
			buildActionMask = 2147483647;
			files = (
			);
			runOnlyForDeploymentPostprocessing = 0;
		};
/* End PBXFrameworksBuildPhase section */

/* Begin PBXGroup section */
		C9AD42E2263F99F100F74CB8 = {
			isa = PBXGroup;
			children = (
				C9AD42ED263F99F200F74CB8 /* DevProfile */,
				C9AD4304263F99F600F74CB8 /* DevProfileTests */,
				C9AD430F263F99F600F74CB8 /* DevProfileUITests */,
				C9AD42EC263F99F200F74CB8 /* Products */,
			);
			sourceTree = "<group>";
		};
		C9AD42EC263F99F200F74CB8 /* Products */ = {
			isa = PBXGroup;
			children = (
				C9AD42EB263F99F200F74CB8 /* DevProfile.app */,
				C9AD4301263F99F600F74CB8 /* DevProfileTests.xctest */,
				C9AD430C263F99F600F74CB8 /* DevProfileUITests.xctest */,
			);
			name = Products;
			sourceTree = "<group>";
		};
		C9AD42ED263F99F200F74CB8 /* DevProfile */ = {
			isa = PBXGroup;
			children = (
				C9AD42EE263F99F200F74CB8 /* AppDelegate.swift */,
				C9AD42F0263F99F200F74CB8 /* SceneDelegate.swift */,
				C9AD42F2263F99F200F74CB8 /* ViewController.swift */,
				C9AD42F4263F99F200F74CB8 /* Main.storyboard */,
				C9AD42F7263F99F600F74CB8 /* Assets.xcassets */,
				C9AD42F9263F99F600F74CB8 /* LaunchScreen.storyboard */,
				C9AD42FC263F99F600F74CB8 /* Info.plist */,
			);
			path = DevProfile;
			sourceTree = "<group>";
		};
		C9AD4304263F99F600F74CB8 /* DevProfileTests */ = {
			isa = PBXGroup;
			children = (
				C9AD4305263F99F600F74CB8 /* DevProfileTests.swift */,
				C9AD4307263F99F600F74CB8 /* Info.plist */,
			);
			path = DevProfileTests;
			sourceTree = "<group>";
		};
		C9AD430F263F99F600F74CB8 /* DevProfileUITests */ = {
			isa = PBXGroup;
			children = (
				C9AD4310263F99F600F74CB8 /* DevProfileUITests.swift */,
				C9AD4312263F99F600F74CB8 /* Info.plist */,
			);
			path = DevProfileUITests;
			sourceTree = "<group>";
		};
/* End PBXGroup section */

/* Begin PBXNativeTarget section */
		C9AD42EA263F99F200F74CB8 /* DevProfile */ = {
			isa = PBXNativeTarget;
			buildConfigurationList = C9AD4315263F99F600F74CB8 /* Build configuration list for PBXNativeTarget "DevProfile" */;
			buildPhases = (
				C9AD42E7263F99F200F74CB8 /* Sources */,
				C9AD42E8263F99F200F74CB8 /* Frameworks */,
				C9AD42E9263F99F200F74CB8 /* Resources */,
			);
			buildRules = (
			);
			dependencies = (
			);
			name = DevProfile;
			productName = DevProfile;
			productReference = C9AD42EB263F99F200F74CB8 /* DevProfile.app */;
			productType = "com.apple.product-type.application";
		};
		C9AD4300263F99F600F74CB8 /* DevProfileTests */ = {
			isa = PBXNativeTarget;
			buildConfigurationList = C9AD4318263F99F600F74CB8 /* Build configuration list for PBXNativeTarget "DevProfileTests" */;
			buildPhases = (
				C9AD42FD263F99F600F74CB8 /* Sources */,
				C9AD42FE263F99F600F74CB8 /* Frameworks */,
				C9AD42FF263F99F600F74CB8 /* Resources */,
			);
			buildRules = (
			);
			dependencies = (
				C9AD4303263F99F600F74CB8 /* PBXTargetDependency */,
			);
			name = DevProfileTests;
			productName = DevProfileTests;
			productReference = C9AD4301263F99F600F74CB8 /* DevProfileTests.xctest */;
			productType = "com.apple.product-type.bundle.unit-test";
		};
		C9AD430B263F99F600F74CB8 /* DevProfileUITests */ = {
			isa = PBXNativeTarget;
			buildConfigurationList = C9AD431B263F99F600F74CB8 /* Build configuration list for PBXNativeTarget "DevProfileUITests" */;
			buildPhases = (
				C9AD4308263F99F600F74CB8 /* Sources */,
				C9AD4309263F99F600F74CB8 /* Frameworks */,
				C9AD430A263F99F600F74CB8 /* Resources */,
			);
			buildRules = (
			);
			dependencies = (
				C9AD430E263F99F600F74CB8 /* PBXTargetDependency */,
			);
			name = DevProfileUITests;
			productName = DevProfileUITests;
			productReference = C9AD430C263F99F600F74CB8 /* DevProfileUITests.xctest */;
			productType = "com.apple.product-type.bundle.ui-testing";
		};
/* End PBXNativeTarget section */

/* Begin PBXProject section */
		C9AD42E3263F99F200F74CB8 /* Project object */ = {
			isa = PBXProject;
			attributes = {
				LastSwiftUpdateCheck = 1240;
				LastUpgradeCheck = 1240;
				TargetAttributes = {
					C9AD42EA263F99F200F74CB8 = {
						CreatedOnToolsVersion = 12.4;
					};
					C9AD4300263F99F600F74CB8 = {
						CreatedOnToolsVersion = 12.4;
						TestTargetID = C9AD42EA263F99F200F74CB8;
					};
					C9AD430B263F99F600F74CB8 = {
						CreatedOnToolsVersion = 12.4;
						TestTargetID = C9AD42EA263F99F200F74CB8;
					};
				};
			};
			buildConfigurationList = C9AD42E6263F99F200F74CB8 /* Build configuration list for PBXProject "DevProfile" */;
			compatibilityVersion = "Xcode 9.3";
			developmentRegion = en;
			hasScannedForEncodings = 0;
			knownRegions = (
				en,
				Base,
			);
			mainGroup = C9AD42E2263F99F100F74CB8;
			productRefGroup = C9AD42EC263F99F200F74CB8 /* Products */;
			projectDirPath = "";
			projectRoot = "";
			targets = (
				C9AD42EA263F99F200F74CB8 /* DevProfile */,
				C9AD4300263F99F600F74CB8 /* DevProfileTests */,
				C9AD430B263F99F600F74CB8 /* DevProfileUITests */,
			);
		};
/* End PBXProject section */

/* Begin PBXResourcesBuildPhase section */
		C9AD42E9263F99F200F74CB8 /* Resources */ = {
			isa = PBXResourcesBuildPhase;
			buildActionMask = 2147483647;
			files = (
				C9AD42FB263F99F600F74CB8 /* LaunchScreen.storyboard in Resources */,
				C9AD42F8263F99F600F74CB8 /* Assets.xcassets in Resources */,
				C9AD42F6263F99F200F74CB8 /* Main.storyboard in Resources */,
			);
			runOnlyForDeploymentPostprocessing = 0;
		};
		C9AD42FF263F99F600F74CB8 /* Resources */ = {
			isa = PBXResourcesBuildPhase;
			buildActionMask = 2147483647;
			files = (
			);
			runOnlyForDeploymentPostprocessing = 0;
		};
		C9AD430A263F99F600F74CB8 /* Resources */ = {
			isa = PBXResourcesBuildPhase;
			buildActionMask = 2147483647;
			files = (
			);
			runOnlyForDeploymentPostprocessing = 0;
		};
/* End PBXResourcesBuildPhase section */

/* Begin PBXSourcesBuildPhase section */
		C9AD42E7263F99F200F74CB8 /* Sources */ = {
			isa = PBXSourcesBuildPhase;
			buildActionMask = 2147483647;
			files = (
				C9AD42F3263F99F200F74CB8 /* ViewController.swift in Sources */,
				C9AD42EF263F99F200F74CB8 /* AppDelegate.swift in Sources */,
				C9AD42F1263F99F200F74CB8 /* SceneDelegate.swift in Sources */,
			);
			runOnlyForDeploymentPostprocessing = 0;
		};
		C9AD42FD263F99F600F74CB8 /* Sources */ = {
			isa = PBXSourcesBuildPhase;
			buildActionMask = 2147483647;
			files = (
				C9AD4306263F99F600F74CB8 /* DevProfileTests.swift in Sources */,
			);
			runOnlyForDeploymentPostprocessing = 0;
		};
		C9AD4308263F99F600F74CB8 /* Sources */ = {
			isa = PBXSourcesBuildPhase;
			buildActionMask = 2147483647;
			files = (
				C9AD4311263F99F600F74CB8 /* DevProfileUITests.swift in Sources */,
			);
			runOnlyForDeploymentPostprocessing = 0;
		};
/* End PBXSourcesBuildPhase section */

/* Begin PBXTargetDependency section */
		C9AD4303263F99F600F74CB8 /* PBXTargetDependency */ = {
			isa = PBXTargetDependency;
			target = C9AD42EA263F99F200F74CB8 /* DevProfile */;
			targetProxy = C9AD4302263F99F600F74CB8 /* PBXContainerItemProxy */;
		};
		C9AD430E263F99F600F74CB8 /* PBXTargetDependency */ = {
			isa = PBXTargetDependency;
			target = C9AD42EA263F99F200F74CB8 /* DevProfile */;
			targetProxy = C9AD430D263F99F600F74CB8 /* PBXContainerItemProxy */;
		};
/* End PBXTargetDependency section */

/* Begin PBXVariantGroup section */
		C9AD42F4263F99F200F74CB8 /* Main.storyboard */ = {
			isa = PBXVariantGroup;
			children = (
				C9AD42F5263F99F200F74CB8 /* Base */,
			);
			name = Main.storyboard;
			sourceTree = "<group>";
		};
		C9AD42F9263F99F600F74CB8 /* LaunchScreen.storyboard */ = {
			isa = PBXVariantGroup;
			children = (
				C9AD42FA263F99F600F74CB8 /* Base */,
			);
			name = LaunchScreen.storyboard;
			sourceTree = "<group>";
		};
/* End PBXVariantGroup section */

/* Begin XCBuildConfiguration section */
		C9AD4313263F99F600F74CB8 /* Debug */ = {
			isa = XCBuildConfiguration;
			buildSettings = {
				ALWAYS_SEARCH_USER_PATHS = NO;
				CLANG_ANALYZER_NONNULL = YES;
				CLANG_ANALYZER_NUMBER_OBJECT_CONVERSION = YES_AGGRESSIVE;
				CLANG_CXX_LANGUAGE_STANDARD = "gnu++14";
				CLANG_CXX_LIBRARY = "libc++";
				CLANG_ENABLE_MODULES = YES;
				CLANG_ENABLE_OBJC_ARC = YES;
				CLANG_ENABLE_OBJC_WEAK = YES;
				CLANG_WARN_BLOCK_CAPTURE_AUTORELEASING = YES;
				CLANG_WARN_BOOL_CONVERSION = YES;
				CLANG_WARN_COMMA = YES;
				CLANG_WARN_CONSTANT_CONVERSION = YES;
				CLANG_WARN_DEPRECATED_OBJC_IMPLEMENTATIONS = YES;
				CLANG_WARN_DIRECT_OBJC_ISA_USAGE = YES_ERROR;
				CLANG_WARN_DOCUMENTATION_COMMENTS = YES;
				CLANG_WARN_EMPTY_BODY = YES;
				CLANG_WARN_ENUM_CONVERSION = YES;
				CLANG_WARN_INFINITE_RECURSION = YES;
				CLANG_WARN_INT_CONVERSION = YES;
				CLANG_WARN_NON_LITERAL_NULL_CONVERSION = YES;
				CLANG_WARN_OBJC_IMPLICIT_RETAIN_SELF = YES;
				CLANG_WARN_OBJC_LITERAL_CONVERSION = YES;
				CLANG_WARN_OBJC_ROOT_CLASS = YES_ERROR;
				CLANG_WARN_QUOTED_INCLUDE_IN_FRAMEWORK_HEADER = YES;
				CLANG_WARN_RANGE_LOOP_ANALYSIS = YES;
				CLANG_WARN_STRICT_PROTOTYPES = YES;
				CLANG_WARN_SUSPICIOUS_MOVE = YES;
				CLANG_WARN_UNGUARDED_AVAILABILITY = YES_AGGRESSIVE;
				CLANG_WARN_UNREACHABLE_CODE = YES;
				CLANG_WARN__DUPLICATE_METHOD_MATCH = YES;
				COPY_PHASE_STRIP = NO;
				DEBUG_INFORMATION_FORMAT = dwarf;
				ENABLE_STRICT_OBJC_MSGSEND = YES;
				ENABLE_TESTABILITY = YES;
				GCC_C_LANGUAGE_STANDARD = gnu11;
				GCC_DYNAMIC_NO_PIC = NO;
				GCC_NO_COMMON_BLOCKS = YES;
				GCC_OPTIMIZATION_LEVEL = 0;
				GCC_PREPROCESSOR_DEFINITIONS = (
					"DEBUG=1",
					"$(inherited)",
				);
				GCC_WARN_64_TO_32_BIT_CONVERSION = YES;
				GCC_WARN_ABOUT_RETURN_TYPE = YES_ERROR;
				GCC_WARN_UNDECLARED_SELECTOR = YES;
				GCC_WARN_UNINITIALIZED_AUTOS = YES_AGGRESSIVE;
				GCC_WARN_UNUSED_FUNCTION = YES;
				GCC_WARN_UNUSED_VARIABLE = YES;
				IPHONEOS_DEPLOYMENT_TARGET = 14.4;
				MTL_ENABLE_DEBUG_INFO = INCLUDE_SOURCE;
				MTL_FAST_MATH = YES;
				ONLY_ACTIVE_ARCH = YES;
				SDKROOT = iphoneos;
				SWIFT_ACTIVE_COMPILATION_CONDITIONS = DEBUG;
				SWIFT_OPTIMIZATION_LEVEL = "-Onone";
			};
			name = Debug;
		};
		C9AD4314263F99F600F74CB8 /* Release */ = {
			isa = XCBuildConfiguration;
			buildSettings = {
				ALWAYS_SEARCH_USER_PATHS = NO;
				CLANG_ANALYZER_NONNULL = YES;
				CLANG_ANALYZER_NUMBER_OBJECT_CONVERSION = YES_AGGRESSIVE;
				CLANG_CXX_LANGUAGE_STANDARD = "gnu++14";
				CLANG_CXX_LIBRARY = "libc++";
				CLANG_ENABLE_MODULES = YES;
				CLANG_ENABLE_OBJC_ARC = YES;
				CLANG_ENABLE_OBJC_WEAK = YES;
				CLANG_WARN_BLOCK_CAPTURE_AUTORELEASING = YES;
				CLANG_WARN_BOOL_CONVERSION = YES;
				CLANG_WARN_COMMA = YES;
				CLANG_WARN_CONSTANT_CONVERSION = YES;
				CLANG_WARN_DEPRECATED_OBJC_IMPLEMENTATIONS = YES;
				CLANG_WARN_DIRECT_OBJC_ISA_USAGE = YES_ERROR;
				CLANG_WARN_DOCUMENTATION_COMMENTS = YES;
				CLANG_WARN_EMPTY_BODY = YES;
				CLANG_WARN_ENUM_CONVERSION = YES;
				CLANG_WARN_INFINITE_RECURSION = YES;
				CLANG_WARN_INT_CONVERSION = YES;
				CLANG_WARN_NON_LITERAL_NULL_CONVERSION = YES;
				CLANG_WARN_OBJC_IMPLICIT_RETAIN_SELF = YES;
				CLANG_WARN_OBJC_LITERAL_CONVERSION = YES;
				CLANG_WARN_OBJC_ROOT_CLASS = YES_ERROR;
				CLANG_WARN_QUOTED_INCLUDE_IN_FRAMEWORK_HEADER = YES;
				CLANG_WARN_RANGE_LOOP_ANALYSIS = YES;
				CLANG_WARN_STRICT_PROTOTYPES = YES;
				CLANG_WARN_SUSPICIOUS_MOVE = YES;
				CLANG_WARN_UNGUARDED_AVAILABILITY = YES_AGGRESSIVE;
				CLANG_WARN_UNREACHABLE_CODE = YES;
				CLANG_WARN__DUPLICATE_METHOD_MATCH = YES;
				COPY_PHASE_STRIP = NO;
				DEBUG_INFORMATION_FORMAT = "dwarf-with-dsym";
				ENABLE_NS_ASSERTIONS = NO;
				ENABLE_STRICT_OBJC_MSGSEND = YES;
				GCC_C_LANGUAGE_STANDARD = gnu11;
				GCC_NO_COMMON_BLOCKS = YES;
				GCC_WARN_64_TO_32_BIT_CONVERSION = YES;
				GCC_WARN_ABOUT_RETURN_TYPE = YES_ERROR;
				GCC_WARN_UNDECLARED_SELECTOR = YES;
				GCC_WARN_UNINITIALIZED_AUTOS = YES_AGGRESSIVE;
				GCC_WARN_UNUSED_FUNCTION = YES;
				GCC_WARN_UNUSED_VARIABLE = YES;
				IPHONEOS_DEPLOYMENT_TARGET = 14.4;
				MTL_ENABLE_DEBUG_INFO = NO;
				MTL_FAST_MATH = YES;
				SDKROOT = iphoneos;
				SWIFT_COMPILATION_MODE = wholemodule;
				SWIFT_OPTIMIZATION_LEVEL = "-O";
				VALIDATE_PRODUCT = YES;
			};
			name = Release;
		};
		C9AD4316263F99F600F74CB8 /* Debug */ = {
			isa = XCBuildConfiguration;
			buildSettings = {
				ASSETCATALOG_COMPILER_APPICON_NAME = AppIcon;
				ASSETCATALOG_COMPILER_GLOBAL_ACCENT_COLOR_NAME = AccentColor;
				CODE_SIGN_STYLE = Automatic;
				INFOPLIST_FILE = DevProfile/Info.plist;
				LD_RUNPATH_SEARCH_PATHS = (
					"$(inherited)",
					"@executable_path/Frameworks",
				);
				PRODUCT_BUNDLE_IDENTIFIER = com.Belton.DevProfile;
				PRODUCT_NAME = "$(TARGET_NAME)";
				SWIFT_VERSION = 5.0;
				TARGETED_DEVICE_FAMILY = "1,2";
			};
			name = Debug;
		};
		C9AD4317263F99F600F74CB8 /* Release */ = {
			isa = XCBuildConfiguration;
			buildSettings = {
				ASSETCATALOG_COMPILER_APPICON_NAME = AppIcon;
				ASSETCATALOG_COMPILER_GLOBAL_ACCENT_COLOR_NAME = AccentColor;
				CODE_SIGN_STYLE = Automatic;
				INFOPLIST_FILE = DevProfile/Info.plist;
				LD_RUNPATH_SEARCH_PATHS = (
					"$(inherited)",
					"@executable_path/Frameworks",
				);
				PRODUCT_BUNDLE_IDENTIFIER = com.Belton.DevProfile;
				PRODUCT_NAME = "$(TARGET_NAME)";
				SWIFT_VERSION = 5.0;
				TARGETED_DEVICE_FAMILY = "1,2";
			};
			name = Release;
		};
		C9AD4319263F99F600F74CB8 /* Debug */ = {
			isa = XCBuildConfiguration;
			buildSettings = {
				ALWAYS_EMBED_SWIFT_STANDARD_LIBRARIES = YES;
				BUNDLE_LOADER = "$(TEST_HOST)";
				CODE_SIGN_STYLE = Automatic;
				INFOPLIST_FILE = DevProfileTests/Info.plist;
				IPHONEOS_DEPLOYMENT_TARGET = 14.4;
				LD_RUNPATH_SEARCH_PATHS = (
					"$(inherited)",
					"@executable_path/Frameworks",
					"@loader_path/Frameworks",
				);
				PRODUCT_BUNDLE_IDENTIFIER = com.Belton.DevProfileTests;
				PRODUCT_NAME = "$(TARGET_NAME)";
				SWIFT_VERSION = 5.0;
				TARGETED_DEVICE_FAMILY = "1,2";
				TEST_HOST = "$(BUILT_PRODUCTS_DIR)/DevProfile.app/DevProfile";
			};
			name = Debug;
		};
		C9AD431A263F99F600F74CB8 /* Release */ = {
			isa = XCBuildConfiguration;
			buildSettings = {
				ALWAYS_EMBED_SWIFT_STANDARD_LIBRARIES = YES;
				BUNDLE_LOADER = "$(TEST_HOST)";
				CODE_SIGN_STYLE = Automatic;
				INFOPLIST_FILE = DevProfileTests/Info.plist;
				IPHONEOS_DEPLOYMENT_TARGET = 14.4;
				LD_RUNPATH_SEARCH_PATHS = (
					"$(inherited)",
					"@executable_path/Frameworks",
					"@loader_path/Frameworks",
				);
				PRODUCT_BUNDLE_IDENTIFIER = com.Belton.DevProfileTests;
				PRODUCT_NAME = "$(TARGET_NAME)";
				SWIFT_VERSION = 5.0;
				TARGETED_DEVICE_FAMILY = "1,2";
				TEST_HOST = "$(BUILT_PRODUCTS_DIR)/DevProfile.app/DevProfile";
			};
			name = Release;
		};
		C9AD431C263F99F600F74CB8 /* Debug */ = {
			isa = XCBuildConfiguration;
			buildSettings = {
				ALWAYS_EMBED_SWIFT_STANDARD_LIBRARIES = YES;
				CODE_SIGN_STYLE = Automatic;
				INFOPLIST_FILE = DevProfileUITests/Info.plist;
				LD_RUNPATH_SEARCH_PATHS = (
					"$(inherited)",
					"@executable_path/Frameworks",
					"@loader_path/Frameworks",
				);
				PRODUCT_BUNDLE_IDENTIFIER = com.Belton.DevProfileUITests;
				PRODUCT_NAME = "$(TARGET_NAME)";
				SWIFT_VERSION = 5.0;
				TARGETED_DEVICE_FAMILY = "1,2";
				TEST_TARGET_NAME = DevProfile;
			};
			name = Debug;
		};
		C9AD431D263F99F600F74CB8 /* Release */ = {
			isa = XCBuildConfiguration;
			buildSettings = {
				ALWAYS_EMBED_SWIFT_STANDARD_LIBRARIES = YES;
				CODE_SIGN_STYLE = Automatic;
				INFOPLIST_FILE = DevProfileUITests/Info.plist;
				LD_RUNPATH_SEARCH_PATHS = (
					"$(inherited)",
					"@executable_path/Frameworks",
					"@loader_path/Frameworks",
				);
				PRODUCT_BUNDLE_IDENTIFIER = com.Belton.DevProfileUITests;
				PRODUCT_NAME = "$(TARGET_NAME)";
				SWIFT_VERSION = 5.0;
				TARGETED_DEVICE_FAMILY = "1,2";
				TEST_TARGET_NAME = DevProfile;
			};
			name = Release;
		};
/* End XCBuildConfiguration section */

/* Begin XCConfigurationList section */
		C9AD42E6263F99F200F74CB8 /* Build configuration list for PBXProject "DevProfile" */ = {
			isa = XCConfigurationList;
			buildConfigurations = (
				C9AD4313263F99F600F74CB8 /* Debug */,
				C9AD4314263F99F600F74CB8 /* Release */,
			);
			defaultConfigurationIsVisible = 0;
			defaultConfigurationName = Release;
		};
		C9AD4315263F99F600F74CB8 /* Build configuration list for PBXNativeTarget "DevProfile" */ = {
			isa = XCConfigurationList;
			buildConfigurations = (
				C9AD4316263F99F600F74CB8 /* Debug */,
				C9AD4317263F99F600F74CB8 /* Release */,
			);
			defaultConfigurationIsVisible = 0;
			defaultConfigurationName = Release;
		};
		C9AD4318263F99F600F74CB8 /* Build configuration list for PBXNativeTarget "DevProfileTests" */ = {
			isa = XCConfigurationList;
			buildConfigurations = (
				C9AD4319263F99F600F74CB8 /* Debug */,
				C9AD431A263F99F600F74CB8 /* Release */,
			);
			defaultConfigurationIsVisible = 0;
			defaultConfigurationName = Release;
		};
		C9AD431B263F99F600F74CB8 /* Build configuration list for PBXNativeTarget "DevProfileUITests" */ = {
			isa = XCConfigurationList;
			buildConfigurations = (
				C9AD431C263F99F600F74CB8 /* Debug */,
				C9AD431D263F99F600F74CB8 /* Release */,
			);
			defaultConfigurationIsVisible = 0;
			defaultConfigurationName = Release;
		};
/* End XCConfigurationList section */
	};
	rootObject = C9AD42E3263F99F200F74CB8 /* Project object */;
}
